Microsoft Visual Studio Solution File, Format Version 12.00
# Visual Studio 2012
Project("{FAE04EC0-301F-11D3-BF4B-00C04F79EFBC}") = "potio", "potio.csproj", "{D7DD6FD0-F96A-4281-91C5-E6334BECE30A}"
EndProject
Project("{FAE04EC0-301F-11D3-BF4B-00C04F79EFBC}") = "Console", "Console\Console.csproj", "{C0807F07-42F9-4877-B098-BAF49DD02E79}"
EndProject
Global
	GlobalSection(SolutionConfigurationPlatforms) = preSolution
	Debug|Any CPU = Debug|Any CPU
	ExportDebug|Any CPU = ExportDebug|Any CPU
	ExportRelease|Any CPU = ExportRelease|Any CPU
	EndGlobalSection
	GlobalSection(ProjectConfigurationPlatforms) = postSolution
		{D7DD6FD0-F96A-4281-91C5-E6334BECE30A}.Debug|Any CPU.ActiveCfg = Debug|Any CPU
		{D7DD6FD0-F96A-4281-91C5-E6334BECE30A}.Debug|Any CPU.Build.0 = Debug|Any CPU
		{D7DD6FD0-F96A-4281-91C5-E6334BECE30A}.ExportDebug|Any CPU.ActiveCfg = ExportDebug|Any CPU
		{D7DD6FD0-F96A-4281-91C5-E6334BECE30A}.ExportDebug|Any CPU.Build.0 = ExportDebug|Any CPU
		{D7DD6FD0-F96A-4281-91C5-E6334BECE30A}.ExportRelease|Any CPU.ActiveCfg = ExportRelease|Any CPU
		{D7DD6FD0-F96A-4281-91C5-E6334BECE30A}.ExportRelease|Any CPU.Build.0 = ExportRelease|Any CPU
		{C0807F07-42F9-4877-B098-BAF49DD02E79}.Debug|Any CPU.ActiveCfg = Debug|Any CPU
		{C0807F07-42F9-4877-B098-BAF49DD02E79}.Debug|Any CPU.Build.0 = Debug|Any CPU
		{C0807F07-42F9-4877-B098-BAF49DD02E79}.ExportDebug|Any CPU.ActiveCfg = Debug|Any CPU
		{C0807F07-42F9-4877-B098-BAF49DD02E79}.ExportDebug|Any CPU.Build.0 = Debug|Any CPU
		{C0807F07-42F9-4877-B098-BAF49DD02E79}.ExportRelease|Any CPU.ActiveCfg = Debug|Any CPU
		{C0807F07-42F9-4877-B098-BAF49DD02E79}.ExportRelease|Any CPU.Build.0 = Debug|Any CPU
	EndGlobalSection
EndGlobal
