Microsoft Visual Studio Solution File, Format Version 12.00
# Visual Studio 2012
Project("{FAE04EC0-301F-11D3-BF4B-00C04F79EFBC}") = "potio", "potio.csproj", "{3DEC8A51-BEEF-4109-AC9D-7663C9DEBEAF}"
EndProject
Project("{FAE04EC0-301F-11D3-BF4B-00C04F79EFBC}") = "Console", "Console\Console.csproj", "{5EDFB03D-1C0B-49BB-A5CE-712EB14EF58D}"
EndProject
Global
	GlobalSection(SolutionConfigurationPlatforms) = preSolution
	Debug|Any CPU = Debug|Any CPU
	ExportDebug|Any CPU = ExportDebug|Any CPU
	ExportRelease|Any CPU = ExportRelease|Any CPU
	EndGlobalSection
	GlobalSection(ProjectConfigurationPlatforms) = postSolution
		{3DEC8A51-BEEF-4109-AC9D-7663C9DEBEAF}.Debug|Any CPU.ActiveCfg = Debug|Any CPU
		{3DEC8A51-BEEF-4109-AC9D-7663C9DEBEAF}.Debug|Any CPU.Build.0 = Debug|Any CPU
		{3DEC8A51-BEEF-4109-AC9D-7663C9DEBEAF}.ExportDebug|Any CPU.ActiveCfg = ExportDebug|Any CPU
		{3DEC8A51-BEEF-4109-AC9D-7663C9DEBEAF}.ExportDebug|Any CPU.Build.0 = ExportDebug|Any CPU
		{3DEC8A51-BEEF-4109-AC9D-7663C9DEBEAF}.ExportRelease|Any CPU.ActiveCfg = ExportRelease|Any CPU
		{3DEC8A51-BEEF-4109-AC9D-7663C9DEBEAF}.ExportRelease|Any CPU.Build.0 = ExportRelease|Any CPU
		{5EDFB03D-1C0B-49BB-A5CE-712EB14EF58D}.Debug|Any CPU.ActiveCfg = Debug|Any CPU
		{5EDFB03D-1C0B-49BB-A5CE-712EB14EF58D}.Debug|Any CPU.Build.0 = Debug|Any CPU
		{5EDFB03D-1C0B-49BB-A5CE-712EB14EF58D}.ExportDebug|Any CPU.ActiveCfg = Debug|Any CPU
		{5EDFB03D-1C0B-49BB-A5CE-712EB14EF58D}.ExportDebug|Any CPU.Build.0 = Debug|Any CPU
		{5EDFB03D-1C0B-49BB-A5CE-712EB14EF58D}.ExportRelease|Any CPU.ActiveCfg = Debug|Any CPU
		{5EDFB03D-1C0B-49BB-A5CE-712EB14EF58D}.ExportRelease|Any CPU.Build.0 = Debug|Any CPU
	EndGlobalSection
EndGlobal
